
Microsoft Visual Studio Solution File, Format Version 12.00
# Visual Studio 14
VisualStudioVersion = 14.0.23107.0
MinimumVisualStudioVersion = 10.0.40219.1
Project("{FAE04EC0-301F-11D3-BF4B-00C04F79EFBC}") = "Project1", "Project1\Project1.csproj", "{C5AB2C8D-E4C7-44F2-9990-E500C44DBAD5}"
EndProject
Project("{FAE04EC0-301F-11D3-BF4B-00C04F79EFBC}") = "Project2", "Project2\Project2.csproj", "{B0033661-6638-4105-B151-50BA2F4A32F1}"
EndProject
Project("{FAE04EC0-301F-11D3-BF4B-00C04F79EFBC}") = "Project3", "Project3\Project3.csproj", "{8B68133C-2896-467C-8F36-7EE546708DB7}"
EndProject
Project("{2150E333-8FDC-42A3-9474-1A3956D46DE8}") = "Project1-3", "Project1-3", "{40F47251-CF7E-4942-A871-0A595085AF23}"
EndProject
Project("{2150E333-8FDC-42A3-9474-1A3956D46DE8}") = "Project 4", "Project 4", "{D94CA415-376E-4A48-8568-0B43FA7E7A60}"
EndProject
Project("{FAE04EC0-301F-11D3-BF4B-00C04F79EFBC}") = "Model", "Model\Model.csproj", "{A53B8A45-22D1-4485-B882-12EA7034D7BD}"
EndProject
Project("{FAE04EC0-301F-11D3-BF4B-00C04F79EFBC}") = "WindowsService", "WindowsService\WindowsService.csproj", "{0ED754B5-197C-47C3-8672-9E070D6D0A00}"
EndProject
Project("{FAE04EC0-301F-11D3-BF4B-00C04F79EFBC}") = "DAL", "DAL\DAL.csproj", "{FB674072-BF8C-4689-AFB8-2351AFFFB422}"
EndProject
Project("{FAE04EC0-301F-11D3-BF4B-00C04F79EFBC}") = "BL", "BL\BL.csproj", "{59257D42-8D20-4C9D-A441-CD3E698D6C6C}"
EndProject
Project("{FAE04EC0-301F-11D3-BF4B-00C04F79EFBC}") = "ConsoleService", "Project4\ConsoleService\ConsoleService.csproj", "{67BDBD29-68E7-46E7-B834-DD71BA64D207}"
EndProject
Global
	GlobalSection(SolutionConfigurationPlatforms) = preSolution
		Debug|Any CPU = Debug|Any CPU
		Debug|x64 = Debug|x64
		Debug|x86 = Debug|x86
		Release|Any CPU = Release|Any CPU
		Release|x64 = Release|x64
		Release|x86 = Release|x86
	EndGlobalSection
	GlobalSection(ProjectConfigurationPlatforms) = postSolution
		{C5AB2C8D-E4C7-44F2-9990-E500C44DBAD5}.Debug|Any CPU.ActiveCfg = Debug|Any CPU
		{C5AB2C8D-E4C7-44F2-9990-E500C44DBAD5}.Debug|Any CPU.Build.0 = Debug|Any CPU
		{C5AB2C8D-E4C7-44F2-9990-E500C44DBAD5}.Debug|x64.ActiveCfg = Debug|Any CPU
		{C5AB2C8D-E4C7-44F2-9990-E500C44DBAD5}.Debug|x86.ActiveCfg = Debug|Any CPU
		{C5AB2C8D-E4C7-44F2-9990-E500C44DBAD5}.Release|Any CPU.ActiveCfg = Release|Any CPU
		{C5AB2C8D-E4C7-44F2-9990-E500C44DBAD5}.Release|Any CPU.Build.0 = Release|Any CPU
		{C5AB2C8D-E4C7-44F2-9990-E500C44DBAD5}.Release|x64.ActiveCfg = Release|Any CPU
		{C5AB2C8D-E4C7-44F2-9990-E500C44DBAD5}.Release|x86.ActiveCfg = Release|Any CPU
		{B0033661-6638-4105-B151-50BA2F4A32F1}.Debug|Any CPU.ActiveCfg = Debug|Any CPU
		{B0033661-6638-4105-B151-50BA2F4A32F1}.Debug|Any CPU.Build.0 = Debug|Any CPU
		{B0033661-6638-4105-B151-50BA2F4A32F1}.Debug|x64.ActiveCfg = Debug|Any CPU
		{B0033661-6638-4105-B151-50BA2F4A32F1}.Debug|x86.ActiveCfg = Debug|Any CPU
		{B0033661-6638-4105-B151-50BA2F4A32F1}.Release|Any CPU.ActiveCfg = Release|Any CPU
		{B0033661-6638-4105-B151-50BA2F4A32F1}.Release|Any CPU.Build.0 = Release|Any CPU
		{B0033661-6638-4105-B151-50BA2F4A32F1}.Release|x64.ActiveCfg = Release|Any CPU
		{B0033661-6638-4105-B151-50BA2F4A32F1}.Release|x86.ActiveCfg = Release|Any CPU
		{8B68133C-2896-467C-8F36-7EE546708DB7}.Debug|Any CPU.ActiveCfg = Debug|Any CPU
		{8B68133C-2896-467C-8F36-7EE546708DB7}.Debug|Any CPU.Build.0 = Debug|Any CPU
		{8B68133C-2896-467C-8F36-7EE546708DB7}.Debug|x64.ActiveCfg = Debug|Any CPU
		{8B68133C-2896-467C-8F36-7EE546708DB7}.Debug|x64.Build.0 = Debug|Any CPU
		{8B68133C-2896-467C-8F36-7EE546708DB7}.Debug|x86.ActiveCfg = Debug|Any CPU
		{8B68133C-2896-467C-8F36-7EE546708DB7}.Debug|x86.Build.0 = Debug|Any CPU
		{8B68133C-2896-467C-8F36-7EE546708DB7}.Release|Any CPU.ActiveCfg = Release|Any CPU
		{8B68133C-2896-467C-8F36-7EE546708DB7}.Release|Any CPU.Build.0 = Release|Any CPU
		{8B68133C-2896-467C-8F36-7EE546708DB7}.Release|x64.ActiveCfg = Release|Any CPU
		{8B68133C-2896-467C-8F36-7EE546708DB7}.Release|x64.Build.0 = Release|Any CPU
		{8B68133C-2896-467C-8F36-7EE546708DB7}.Release|x86.ActiveCfg = Release|Any CPU
		{8B68133C-2896-467C-8F36-7EE546708DB7}.Release|x86.Build.0 = Release|Any CPU
		{A53B8A45-22D1-4485-B882-12EA7034D7BD}.Debug|Any CPU.ActiveCfg = Debug|Any CPU
		{A53B8A45-22D1-4485-B882-12EA7034D7BD}.Debug|Any CPU.Build.0 = Debug|Any CPU
		{A53B8A45-22D1-4485-B882-12EA7034D7BD}.Debug|x64.ActiveCfg = Debug|Any CPU
		{A53B8A45-22D1-4485-B882-12EA7034D7BD}.Debug|x64.Build.0 = Debug|Any CPU
		{A53B8A45-22D1-4485-B882-12EA7034D7BD}.Debug|x86.ActiveCfg = Debug|Any CPU
		{A53B8A45-22D1-4485-B882-12EA7034D7BD}.Debug|x86.Build.0 = Debug|Any CPU
		{A53B8A45-22D1-4485-B882-12EA7034D7BD}.Release|Any CPU.ActiveCfg = Release|Any CPU
		{A53B8A45-22D1-4485-B882-12EA7034D7BD}.Release|Any CPU.Build.0 = Release|Any CPU
		{A53B8A45-22D1-4485-B882-12EA7034D7BD}.Release|x64.ActiveCfg = Release|Any CPU
		{A53B8A45-22D1-4485-B882-12EA7034D7BD}.Release|x64.Build.0 = Release|Any CPU
		{A53B8A45-22D1-4485-B882-12EA7034D7BD}.Release|x86.ActiveCfg = Release|Any CPU
		{A53B8A45-22D1-4485-B882-12EA7034D7BD}.Release|x86.Build.0 = Release|Any CPU
		{0ED754B5-197C-47C3-8672-9E070D6D0A00}.Debug|Any CPU.ActiveCfg = Debug|Any CPU
		{0ED754B5-197C-47C3-8672-9E070D6D0A00}.Debug|Any CPU.Build.0 = Debug|Any CPU
		{0ED754B5-197C-47C3-8672-9E070D6D0A00}.Debug|x64.ActiveCfg = Debug|Any CPU
		{0ED754B5-197C-47C3-8672-9E070D6D0A00}.Debug|x64.Build.0 = Debug|Any CPU
		{0ED754B5-197C-47C3-8672-9E070D6D0A00}.Debug|x86.ActiveCfg = Debug|Any CPU
		{0ED754B5-197C-47C3-8672-9E070D6D0A00}.Debug|x86.Build.0 = Debug|Any CPU
		{0ED754B5-197C-47C3-8672-9E070D6D0A00}.Release|Any CPU.ActiveCfg = Release|Any CPU
		{0ED754B5-197C-47C3-8672-9E070D6D0A00}.Release|Any CPU.Build.0 = Release|Any CPU
		{0ED754B5-197C-47C3-8672-9E070D6D0A00}.Release|x64.ActiveCfg = Release|Any CPU
		{0ED754B5-197C-47C3-8672-9E070D6D0A00}.Release|x64.Build.0 = Release|Any CPU
		{0ED754B5-197C-47C3-8672-9E070D6D0A00}.Release|x86.ActiveCfg = Release|Any CPU
		{0ED754B5-197C-47C3-8672-9E070D6D0A00}.Release|x86.Build.0 = Release|Any CPU
		{FB674072-BF8C-4689-AFB8-2351AFFFB422}.Debug|Any CPU.ActiveCfg = Debug|Any CPU
		{FB674072-BF8C-4689-AFB8-2351AFFFB422}.Debug|Any CPU.Build.0 = Debug|Any CPU
		{FB674072-BF8C-4689-AFB8-2351AFFFB422}.Debug|x64.ActiveCfg = Debug|Any CPU
		{FB674072-BF8C-4689-AFB8-2351AFFFB422}.Debug|x64.Build.0 = Debug|Any CPU
		{FB674072-BF8C-4689-AFB8-2351AFFFB422}.Debug|x86.ActiveCfg = Debug|Any CPU
		{FB674072-BF8C-4689-AFB8-2351AFFFB422}.Debug|x86.Build.0 = Debug|Any CPU
		{FB674072-BF8C-4689-AFB8-2351AFFFB422}.Release|Any CPU.ActiveCfg = Release|Any CPU
		{FB674072-BF8C-4689-AFB8-2351AFFFB422}.Release|Any CPU.Build.0 = Release|Any CPU
		{FB674072-BF8C-4689-AFB8-2351AFFFB422}.Release|x64.ActiveCfg = Release|Any CPU
		{FB674072-BF8C-4689-AFB8-2351AFFFB422}.Release|x64.Build.0 = Release|Any CPU
		{FB674072-BF8C-4689-AFB8-2351AFFFB422}.Release|x86.ActiveCfg = Release|Any CPU
		{FB674072-BF8C-4689-AFB8-2351AFFFB422}.Release|x86.Build.0 = Release|Any CPU
		{59257D42-8D20-4C9D-A441-CD3E698D6C6C}.Debug|Any CPU.ActiveCfg = Debug|Any CPU
		{59257D42-8D20-4C9D-A441-CD3E698D6C6C}.Debug|Any CPU.Build.0 = Debug|Any CPU
		{59257D42-8D20-4C9D-A441-CD3E698D6C6C}.Debug|x64.ActiveCfg = Debug|Any CPU
		{59257D42-8D20-4C9D-A441-CD3E698D6C6C}.Debug|x64.Build.0 = Debug|Any CPU
		{59257D42-8D20-4C9D-A441-CD3E698D6C6C}.Debug|x86.ActiveCfg = Debug|Any CPU
		{59257D42-8D20-4C9D-A441-CD3E698D6C6C}.Debug|x86.Build.0 = Debug|Any CPU
		{59257D42-8D20-4C9D-A441-CD3E698D6C6C}.Release|Any CPU.ActiveCfg = Release|Any CPU
		{59257D42-8D20-4C9D-A441-CD3E698D6C6C}.Release|Any CPU.Build.0 = Release|Any CPU
		{59257D42-8D20-4C9D-A441-CD3E698D6C6C}.Release|x64.ActiveCfg = Release|Any CPU
		{59257D42-8D20-4C9D-A441-CD3E698D6C6C}.Release|x64.Build.0 = Release|Any CPU
		{59257D42-8D20-4C9D-A441-CD3E698D6C6C}.Release|x86.ActiveCfg = Release|Any CPU
		{59257D42-8D20-4C9D-A441-CD3E698D6C6C}.Release|x86.Build.0 = Release|Any CPU
		{67BDBD29-68E7-46E7-B834-DD71BA64D207}.Debug|Any CPU.ActiveCfg = Debug|Any CPU
		{67BDBD29-68E7-46E7-B834-DD71BA64D207}.Debug|Any CPU.Build.0 = Debug|Any CPU
		{67BDBD29-68E7-46E7-B834-DD71BA64D207}.Debug|x64.ActiveCfg = Debug|Any CPU
		{67BDBD29-68E7-46E7-B834-DD71BA64D207}.Debug|x64.Build.0 = Debug|Any CPU
		{67BDBD29-68E7-46E7-B834-DD71BA64D207}.Debug|x86.ActiveCfg = Debug|Any CPU
		{67BDBD29-68E7-46E7-B834-DD71BA64D207}.Debug|x86.Build.0 = Debug|Any CPU
		{67BDBD29-68E7-46E7-B834-DD71BA64D207}.Release|Any CPU.ActiveCfg = Release|Any CPU
		{67BDBD29-68E7-46E7-B834-DD71BA64D207}.Release|Any CPU.Build.0 = Release|Any CPU
		{67BDBD29-68E7-46E7-B834-DD71BA64D207}.Release|x64.ActiveCfg = Release|Any CPU
		{67BDBD29-68E7-46E7-B834-DD71BA64D207}.Release|x64.Build.0 = Release|Any CPU
		{67BDBD29-68E7-46E7-B834-DD71BA64D207}.Release|x86.ActiveCfg = Release|Any CPU
		{67BDBD29-68E7-46E7-B834-DD71BA64D207}.Release|x86.Build.0 = Release|Any CPU
	EndGlobalSection
	GlobalSection(SolutionProperties) = preSolution
		HideSolutionNode = FALSE
	EndGlobalSection
	GlobalSection(NestedProjects) = preSolution
		{C5AB2C8D-E4C7-44F2-9990-E500C44DBAD5} = {40F47251-CF7E-4942-A871-0A595085AF23}
		{B0033661-6638-4105-B151-50BA2F4A32F1} = {40F47251-CF7E-4942-A871-0A595085AF23}
		{8B68133C-2896-467C-8F36-7EE546708DB7} = {40F47251-CF7E-4942-A871-0A595085AF23}
		{A53B8A45-22D1-4485-B882-12EA7034D7BD} = {D94CA415-376E-4A48-8568-0B43FA7E7A60}
		{0ED754B5-197C-47C3-8672-9E070D6D0A00} = {D94CA415-376E-4A48-8568-0B43FA7E7A60}
		{FB674072-BF8C-4689-AFB8-2351AFFFB422} = {D94CA415-376E-4A48-8568-0B43FA7E7A60}
		{59257D42-8D20-4C9D-A441-CD3E698D6C6C} = {D94CA415-376E-4A48-8568-0B43FA7E7A60}
		{67BDBD29-68E7-46E7-B834-DD71BA64D207} = {D94CA415-376E-4A48-8568-0B43FA7E7A60}
	EndGlobalSection
EndGlobal
