
Microsoft Visual Studio Solution File, Format Version 12.00
# Visual Studio 14
VisualStudioVersion = 14.0.23107.0
MinimumVisualStudioVersion = 10.0.40219.1
Project("{FAE04EC0-301F-11D3-BF4B-00C04F79EFBC}") = "Project1", "Project1\Project1.csproj", "{C5AB2C8D-E4C7-44F2-9990-E500C44DBAD5}"
EndProject
Project("{FAE04EC0-301F-11D3-BF4B-00C04F79EFBC}") = "Project2", "Project2\Project2.csproj", "{B0033661-6638-4105-B151-50BA2F4A32F1}"
EndProject
Global
	GlobalSection(SolutionConfigurationPlatforms) = preSolution
		Debug|Any CPU = Debug|Any CPU
		Release|Any CPU = Release|Any CPU
	EndGlobalSection
	GlobalSection(ProjectConfigurationPlatforms) = postSolution
		{C5AB2C8D-E4C7-44F2-9990-E500C44DBAD5}.Debug|Any CPU.ActiveCfg = Debug|Any CPU
		{C5AB2C8D-E4C7-44F2-9990-E500C44DBAD5}.Debug|Any CPU.Build.0 = Debug|Any CPU
		{C5AB2C8D-E4C7-44F2-9990-E500C44DBAD5}.Release|Any CPU.ActiveCfg = Release|Any CPU
		{C5AB2C8D-E4C7-44F2-9990-E500C44DBAD5}.Release|Any CPU.Build.0 = Release|Any CPU
		{B0033661-6638-4105-B151-50BA2F4A32F1}.Debug|Any CPU.ActiveCfg = Debug|Any CPU
		{B0033661-6638-4105-B151-50BA2F4A32F1}.Debug|Any CPU.Build.0 = Debug|Any CPU
		{B0033661-6638-4105-B151-50BA2F4A32F1}.Release|Any CPU.ActiveCfg = Release|Any CPU
		{B0033661-6638-4105-B151-50BA2F4A32F1}.Release|Any CPU.Build.0 = Release|Any CPU
	EndGlobalSection
	GlobalSection(SolutionProperties) = preSolution
		HideSolutionNode = FALSE
	EndGlobalSection
EndGlobal
